
Microsoft Visual Studio Solution File, Format Version 11.00
# Visual Studio 2010
# SharpDevelop 4.4
Project("{2150E333-8FDC-42A3-9474-1A3956D46DE8}") = "Console", "Console", "{CC0A2B14-1034-4579-BC90-E530A1709EB9}"
	ProjectSection(SolutionItems) = postProject
	EndProjectSection
EndProject
Project("{F184B08F-C81C-45F6-A57F-5ABD9991F28F}") = "GetCompressedSize", "GetCompressedSize.vbproj", "{742B947C-D10E-4E2A-93B7-FA527C624D23}"
EndProject
Project("{F184B08F-C81C-45F6-A57F-5ABD9991F28F}") = "GetFolderIcon", "GetFolderIcon.vbproj", "{BD799549-2A10-4B57-A510-409B755E5E09}"
EndProject
Project("{F184B08F-C81C-45F6-A57F-5ABD9991F28F}") = "GetOpenWith", "GetOpenWith.vbproj", "{157E21DE-861F-4064-84FC-AFF8E84F92E5}"
EndProject
Project("{F184B08F-C81C-45F6-A57F-5ABD9991F28F}") = "IsAdmin", "IsAdmin.vbproj", "{50D27480-B6EC-4EAD-9F3A-E286AC44F4E7}"
EndProject
Project("{F184B08F-C81C-45F6-A57F-5ABD9991F28F}") = "MsgBoxCMD", "MsgBoxCMD.vbproj", "{D24E16E8-78B5-4DFA-A33E-40D3FB6292A3}"
EndProject
Project("{F184B08F-C81C-45F6-A57F-5ABD9991F28F}") = "SetAttribute", "SetAttribute.vbproj", "{62518826-7142-48D3-84A7-5E760D363F7A}"
EndProject
Project("{2150E333-8FDC-42A3-9474-1A3956D46DE8}") = "WinForms", "WinForms", "{4489D689-72D8-4553-AD1A-D199C848FC49}"
	ProjectSection(SolutionItems) = postProject
	EndProjectSection
EndProject
Project("{F184B08F-C81C-45F6-A57F-5ABD9991F28F}") = "CompressFile", "CompressFile.vbproj", "{E9E2C0B9-74F1-4F5D-BC63-3A39C5B44258}"
EndProject
Project("{F184B08F-C81C-45F6-A57F-5ABD9991F28F}") = "Hash", "Hash.vbproj", "{60F003F8-D560-4175-9450-D7036AF028E4}"
EndProject
Project("{F184B08F-C81C-45F6-A57F-5ABD9991F28F}") = "MsgBoxGUI", "MsgBoxGUI.vbproj", "{578C419D-296B-4745-BBE4-A1806CAB7E5D}"
EndProject
Project("{F184B08F-C81C-45F6-A57F-5ABD9991F28F}") = "OpenWith", "OpenWith.vbproj", "{4978CD9F-6288-4AEB-9AFC-915E2D779CC7}"
EndProject
Project("{F184B08F-C81C-45F6-A57F-5ABD9991F28F}") = "RunAsAdmin", "RunAsAdmin.vbproj", "{8FE8CD57-5F88-47FC-AFD4-36E1B75F215D}"
EndProject
Project("{F184B08F-C81C-45F6-A57F-5ABD9991F28F}") = "TakeOwn", "TakeOwn.vbproj", "{F4D6E6A1-3A45-497B-84DF-31C21C4D34DB}"
EndProject
Project("{F184B08F-C81C-45F6-A57F-5ABD9991F28F}") = "UncompressFile", "UncompressFile.vbproj", "{D759AA15-8ED0-4B16-8FD4-1F2CC5C957F3}"
EndProject
Project("{F184B08F-C81C-45F6-A57F-5ABD9991F28F}") = "WinProperties", "WinProperties.vbproj", "{9721E492-E10C-4C48-98FC-3DCB60268085}"
EndProject
Global
	GlobalSection(SolutionConfigurationPlatforms) = preSolution
		Debug|Any CPU = Debug|Any CPU
		Release|Any CPU = Release|Any CPU
	EndGlobalSection
	GlobalSection(ProjectConfigurationPlatforms) = postSolution
		{BD799549-2A10-4B57-A510-409B755E5E09}.Debug|Any CPU.Build.0 = Debug|Any CPU
		{BD799549-2A10-4B57-A510-409B755E5E09}.Debug|Any CPU.ActiveCfg = Debug|Any CPU
		{BD799549-2A10-4B57-A510-409B755E5E09}.Release|Any CPU.Build.0 = Release|Any CPU
		{BD799549-2A10-4B57-A510-409B755E5E09}.Release|Any CPU.ActiveCfg = Release|Any CPU
		{E9E2C0B9-74F1-4F5D-BC63-3A39C5B44258}.Debug|Any CPU.Build.0 = Debug|Any CPU
		{E9E2C0B9-74F1-4F5D-BC63-3A39C5B44258}.Debug|Any CPU.ActiveCfg = Debug|Any CPU
		{E9E2C0B9-74F1-4F5D-BC63-3A39C5B44258}.Release|Any CPU.Build.0 = Release|Any CPU
		{E9E2C0B9-74F1-4F5D-BC63-3A39C5B44258}.Release|Any CPU.ActiveCfg = Release|Any CPU
		{D759AA15-8ED0-4B16-8FD4-1F2CC5C957F3}.Debug|Any CPU.Build.0 = Debug|Any CPU
		{D759AA15-8ED0-4B16-8FD4-1F2CC5C957F3}.Debug|Any CPU.ActiveCfg = Debug|Any CPU
		{D759AA15-8ED0-4B16-8FD4-1F2CC5C957F3}.Release|Any CPU.Build.0 = Release|Any CPU
		{D759AA15-8ED0-4B16-8FD4-1F2CC5C957F3}.Release|Any CPU.ActiveCfg = Release|Any CPU
		{62518826-7142-48D3-84A7-5E760D363F7A}.Debug|Any CPU.Build.0 = Debug|Any CPU
		{62518826-7142-48D3-84A7-5E760D363F7A}.Debug|Any CPU.ActiveCfg = Debug|Any CPU
		{62518826-7142-48D3-84A7-5E760D363F7A}.Release|Any CPU.Build.0 = Release|Any CPU
		{62518826-7142-48D3-84A7-5E760D363F7A}.Release|Any CPU.ActiveCfg = Release|Any CPU
		{742B947C-D10E-4E2A-93B7-FA527C624D23}.Debug|Any CPU.Build.0 = Debug|Any CPU
		{742B947C-D10E-4E2A-93B7-FA527C624D23}.Debug|Any CPU.ActiveCfg = Debug|Any CPU
		{742B947C-D10E-4E2A-93B7-FA527C624D23}.Release|Any CPU.Build.0 = Release|Any CPU
		{742B947C-D10E-4E2A-93B7-FA527C624D23}.Release|Any CPU.ActiveCfg = Release|Any CPU
		{157E21DE-861F-4064-84FC-AFF8E84F92E5}.Debug|Any CPU.Build.0 = Debug|Any CPU
		{157E21DE-861F-4064-84FC-AFF8E84F92E5}.Debug|Any CPU.ActiveCfg = Debug|Any CPU
		{157E21DE-861F-4064-84FC-AFF8E84F92E5}.Release|Any CPU.Build.0 = Release|Any CPU
		{157E21DE-861F-4064-84FC-AFF8E84F92E5}.Release|Any CPU.ActiveCfg = Release|Any CPU
		{D24E16E8-78B5-4DFA-A33E-40D3FB6292A3}.Debug|Any CPU.Build.0 = Debug|Any CPU
		{D24E16E8-78B5-4DFA-A33E-40D3FB6292A3}.Debug|Any CPU.ActiveCfg = Debug|Any CPU
		{D24E16E8-78B5-4DFA-A33E-40D3FB6292A3}.Release|Any CPU.Build.0 = Release|Any CPU
		{D24E16E8-78B5-4DFA-A33E-40D3FB6292A3}.Release|Any CPU.ActiveCfg = Release|Any CPU
		{578C419D-296B-4745-BBE4-A1806CAB7E5D}.Debug|Any CPU.Build.0 = Debug|Any CPU
		{578C419D-296B-4745-BBE4-A1806CAB7E5D}.Debug|Any CPU.ActiveCfg = Debug|Any CPU
		{578C419D-296B-4745-BBE4-A1806CAB7E5D}.Release|Any CPU.Build.0 = Release|Any CPU
		{578C419D-296B-4745-BBE4-A1806CAB7E5D}.Release|Any CPU.ActiveCfg = Release|Any CPU
		{50D27480-B6EC-4EAD-9F3A-E286AC44F4E7}.Debug|Any CPU.Build.0 = Debug|Any CPU
		{50D27480-B6EC-4EAD-9F3A-E286AC44F4E7}.Debug|Any CPU.ActiveCfg = Debug|Any CPU
		{50D27480-B6EC-4EAD-9F3A-E286AC44F4E7}.Release|Any CPU.Build.0 = Release|Any CPU
		{50D27480-B6EC-4EAD-9F3A-E286AC44F4E7}.Release|Any CPU.ActiveCfg = Release|Any CPU
		{9721E492-E10C-4C48-98FC-3DCB60268085}.Debug|Any CPU.Build.0 = Debug|Any CPU
		{9721E492-E10C-4C48-98FC-3DCB60268085}.Debug|Any CPU.ActiveCfg = Debug|Any CPU
		{9721E492-E10C-4C48-98FC-3DCB60268085}.Release|Any CPU.Build.0 = Release|Any CPU
		{9721E492-E10C-4C48-98FC-3DCB60268085}.Release|Any CPU.ActiveCfg = Release|Any CPU
		{4978CD9F-6288-4AEB-9AFC-915E2D779CC7}.Debug|Any CPU.Build.0 = Debug|Any CPU
		{4978CD9F-6288-4AEB-9AFC-915E2D779CC7}.Debug|Any CPU.ActiveCfg = Debug|Any CPU
		{4978CD9F-6288-4AEB-9AFC-915E2D779CC7}.Release|Any CPU.Build.0 = Release|Any CPU
		{4978CD9F-6288-4AEB-9AFC-915E2D779CC7}.Release|Any CPU.ActiveCfg = Release|Any CPU
		{8FE8CD57-5F88-47FC-AFD4-36E1B75F215D}.Debug|Any CPU.Build.0 = Debug|Any CPU
		{8FE8CD57-5F88-47FC-AFD4-36E1B75F215D}.Debug|Any CPU.ActiveCfg = Debug|Any CPU
		{8FE8CD57-5F88-47FC-AFD4-36E1B75F215D}.Release|Any CPU.Build.0 = Release|Any CPU
		{8FE8CD57-5F88-47FC-AFD4-36E1B75F215D}.Release|Any CPU.ActiveCfg = Release|Any CPU
		{60F003F8-D560-4175-9450-D7036AF028E4}.Debug|Any CPU.Build.0 = Debug|Any CPU
		{60F003F8-D560-4175-9450-D7036AF028E4}.Debug|Any CPU.ActiveCfg = Debug|Any CPU
		{60F003F8-D560-4175-9450-D7036AF028E4}.Release|Any CPU.Build.0 = Release|Any CPU
		{60F003F8-D560-4175-9450-D7036AF028E4}.Release|Any CPU.ActiveCfg = Release|Any CPU
		{F4D6E6A1-3A45-497B-84DF-31C21C4D34DB}.Debug|Any CPU.Build.0 = Debug|Any CPU
		{F4D6E6A1-3A45-497B-84DF-31C21C4D34DB}.Debug|Any CPU.ActiveCfg = Debug|Any CPU
		{F4D6E6A1-3A45-497B-84DF-31C21C4D34DB}.Release|Any CPU.Build.0 = Release|Any CPU
		{F4D6E6A1-3A45-497B-84DF-31C21C4D34DB}.Release|Any CPU.ActiveCfg = Release|Any CPU
	EndGlobalSection
	GlobalSection(NestedProjects) = preSolution
		{742B947C-D10E-4E2A-93B7-FA527C624D23} = {CC0A2B14-1034-4579-BC90-E530A1709EB9}
		{BD799549-2A10-4B57-A510-409B755E5E09} = {CC0A2B14-1034-4579-BC90-E530A1709EB9}
		{157E21DE-861F-4064-84FC-AFF8E84F92E5} = {CC0A2B14-1034-4579-BC90-E530A1709EB9}
		{50D27480-B6EC-4EAD-9F3A-E286AC44F4E7} = {CC0A2B14-1034-4579-BC90-E530A1709EB9}
		{D24E16E8-78B5-4DFA-A33E-40D3FB6292A3} = {CC0A2B14-1034-4579-BC90-E530A1709EB9}
		{62518826-7142-48D3-84A7-5E760D363F7A} = {CC0A2B14-1034-4579-BC90-E530A1709EB9}
		{E9E2C0B9-74F1-4F5D-BC63-3A39C5B44258} = {4489D689-72D8-4553-AD1A-D199C848FC49}
		{60F003F8-D560-4175-9450-D7036AF028E4} = {4489D689-72D8-4553-AD1A-D199C848FC49}
		{578C419D-296B-4745-BBE4-A1806CAB7E5D} = {4489D689-72D8-4553-AD1A-D199C848FC49}
		{4978CD9F-6288-4AEB-9AFC-915E2D779CC7} = {4489D689-72D8-4553-AD1A-D199C848FC49}
		{8FE8CD57-5F88-47FC-AFD4-36E1B75F215D} = {4489D689-72D8-4553-AD1A-D199C848FC49}
		{F4D6E6A1-3A45-497B-84DF-31C21C4D34DB} = {4489D689-72D8-4553-AD1A-D199C848FC49}
		{D759AA15-8ED0-4B16-8FD4-1F2CC5C957F3} = {4489D689-72D8-4553-AD1A-D199C848FC49}
		{9721E492-E10C-4C48-98FC-3DCB60268085} = {4489D689-72D8-4553-AD1A-D199C848FC49}
	EndGlobalSection
EndGlobal
